
Microsoft Visual Studio Solution File, Format Version 12.00
# Visual Studio 14
VisualStudioVersion = 14.0.25420.1
MinimumVisualStudioVersion = 10.0.40219.1
Project("{2150E333-8FDC-42A3-9474-1A3956D46DE8}") = "01. Presentation", "01. Presentation", "{7A06003E-C2D6-4901-B0BB-9017CA1508B6}"
EndProject
Project("{2150E333-8FDC-42A3-9474-1A3956D46DE8}") = "02. Distributed Interfaces", "02. Distributed Interfaces", "{F0C83711-4D90-4787-92E7-9119AE853CC5}"
EndProject
Project("{2150E333-8FDC-42A3-9474-1A3956D46DE8}") = "03. Application", "03. Application", "{4AE0C2B2-F4C6-4293-AF5E-D0390BBA064E}"
EndProject
Project("{2150E333-8FDC-42A3-9474-1A3956D46DE8}") = "04. Domain", "04. Domain", "{11883C99-E378-4A93-BA54-98DBD5B03385}"
EndProject
Project("{2150E333-8FDC-42A3-9474-1A3956D46DE8}") = "05. Infrastructure", "05. Infrastructure", "{CDEE263A-3C96-4699-AC62-CFAE54B20018}"
EndProject
Project("{2150E333-8FDC-42A3-9474-1A3956D46DE8}") = "06. Tests", "06. Tests", "{F86CF587-F19C-4018-AFE7-4CBD9E3C7994}"
EndProject
Project("{FAE04EC0-301F-11D3-BF4B-00C04F79EFBC}") = "Perfectial.Domain.Model", "Perfectial.Domain.Model\Perfectial.Domain.Model.csproj", "{CA6EEB2C-A2BE-4FC4-B0F0-7C161118BB56}"
EndProject
Project("{FAE04EC0-301F-11D3-BF4B-00C04F79EFBC}") = "Perfectial.Infrastructure.Persistence.Base", "Perfectial.Infrastructure.Persistence.Base\Perfectial.Infrastructure.Persistence.Base.csproj", "{3F61C606-A8B7-465D-AF70-4A16B8EB0FF0}"
EndProject
Project("{FAE04EC0-301F-11D3-BF4B-00C04F79EFBC}") = "Perfectial.Infrastructure.Persistence.EntityFramework", "Perfectial.Infrastructure.Persistence.EntityFramework\Perfectial.Infrastructure.Persistence.EntityFramework.csproj", "{08E3308F-BB23-49F4-8C28-7DD752A45173}"
EndProject
Project("{FAE04EC0-301F-11D3-BF4B-00C04F79EFBC}") = "Perfectial.Infrastructure.Persistence", "Perfectial.Infrastructure.Persistence\Perfectial.Infrastructure.Persistence.csproj", "{AFB65FA8-CE1D-40B4-ADC3-DAEC9DB1CB1C}"
EndProject
Project("{FAE04EC0-301F-11D3-BF4B-00C04F79EFBC}") = "Perfectial.UnitTests.Persistence", "Perfectial.UnitTests.Persistence\Perfectial.UnitTests.Persistence.csproj", "{D35FCE0E-54A6-403A-8AAA-334A316B0635}"
EndProject
Project("{FAE04EC0-301F-11D3-BF4B-00C04F79EFBC}") = "Perfectial.UnitTests.Domain", "Perfectial.UnitTests.Domain\Perfectial.UnitTests.Domain.csproj", "{76FC9D8B-0710-4BBC-9BA8-9311A112968A}"
EndProject
Project("{FAE04EC0-301F-11D3-BF4B-00C04F79EFBC}") = "Perfectial.Application.Services", "Perfectial.Application.Services\Perfectial.Application.Services.csproj", "{F9684FEA-C27C-4BB6-B18F-AFC482298DDF}"
EndProject
Project("{FAE04EC0-301F-11D3-BF4B-00C04F79EFBC}") = "Perfectial.Application.Services.Base", "Perfectial.Application.Services.Base\Perfectial.Application.Services.Base.csproj", "{F1D57C07-28A6-46DD-8C09-480849B8C766}"
EndProject
Project("{FAE04EC0-301F-11D3-BF4B-00C04F79EFBC}") = "Perfectial.Application.Model", "Perfectial.Application.Model\Perfectial.Application.Model.csproj", "{A67B1B03-128C-42A1-BB0C-F185E0BBFBF8}"
EndProject
Project("{FAE04EC0-301F-11D3-BF4B-00C04F79EFBC}") = "Perfectial.UnitTests.Application", "Perfectial.UnitTests.Application\Perfectial.UnitTests.Application.csproj", "{E4B08BFE-1631-4549-B5F7-6E4F190C779B}"
EndProject
Project("{FAE04EC0-301F-11D3-BF4B-00C04F79EFBC}") = "Perfectial.Presentation.Web", "Perfectial.Presentation.Web\Perfectial.Presentation.Web.csproj", "{B73A64B6-988C-4A02-A74D-23BC3EAF790B}"
EndProject
Project("{FAE04EC0-301F-11D3-BF4B-00C04F79EFBC}") = "Perfectial.Infrastructure.Identity", "Perfectial.Infrastructure.Identity\Perfectial.Infrastructure.Identity.csproj", "{0C0A3ED3-497F-43BF-8378-94D63391DA91}"
EndProject
Project("{FAE04EC0-301F-11D3-BF4B-00C04F79EFBC}") = "Perfectial.Infrastructure.Identity.Base", "Perfectial.Infrastructure.Identity.Base\Perfectial.Infrastructure.Identity.Base.csproj", "{6DB7E03C-872D-4852-ACF3-DFDB5F4887A2}"
EndProject
Project("{FAE04EC0-301F-11D3-BF4B-00C04F79EFBC}") = "Perfectial.Infrastructure.Identity.Model", "Perfectial.Infrastructure.Identity.Model\Perfectial.Infrastructure.Identity.Model.csproj", "{5BE1A3BD-6B56-4EED-9477-F4CFC5DC0325}"
EndProject
Project("{FAE04EC0-301F-11D3-BF4B-00C04F79EFBC}") = "Perfectial.Infrastructure.Identity.Owin", "Perfectial.Infrastructure.Identity.Owin\Perfectial.Infrastructure.Identity.Owin.csproj", "{AABA9DEE-A6AE-4BC4-B0E1-130048C2F8C8}"
EndProject
Global
	GlobalSection(SolutionConfigurationPlatforms) = preSolution
		Debug|Any CPU = Debug|Any CPU
		Release|Any CPU = Release|Any CPU
	EndGlobalSection
	GlobalSection(ProjectConfigurationPlatforms) = postSolution
		{CA6EEB2C-A2BE-4FC4-B0F0-7C161118BB56}.Debug|Any CPU.ActiveCfg = Debug|Any CPU
		{CA6EEB2C-A2BE-4FC4-B0F0-7C161118BB56}.Debug|Any CPU.Build.0 = Debug|Any CPU
		{CA6EEB2C-A2BE-4FC4-B0F0-7C161118BB56}.Release|Any CPU.ActiveCfg = Release|Any CPU
		{CA6EEB2C-A2BE-4FC4-B0F0-7C161118BB56}.Release|Any CPU.Build.0 = Release|Any CPU
		{3F61C606-A8B7-465D-AF70-4A16B8EB0FF0}.Debug|Any CPU.ActiveCfg = Debug|Any CPU
		{3F61C606-A8B7-465D-AF70-4A16B8EB0FF0}.Debug|Any CPU.Build.0 = Debug|Any CPU
		{3F61C606-A8B7-465D-AF70-4A16B8EB0FF0}.Release|Any CPU.ActiveCfg = Release|Any CPU
		{3F61C606-A8B7-465D-AF70-4A16B8EB0FF0}.Release|Any CPU.Build.0 = Release|Any CPU
		{08E3308F-BB23-49F4-8C28-7DD752A45173}.Debug|Any CPU.ActiveCfg = Debug|Any CPU
		{08E3308F-BB23-49F4-8C28-7DD752A45173}.Debug|Any CPU.Build.0 = Debug|Any CPU
		{08E3308F-BB23-49F4-8C28-7DD752A45173}.Release|Any CPU.ActiveCfg = Release|Any CPU
		{08E3308F-BB23-49F4-8C28-7DD752A45173}.Release|Any CPU.Build.0 = Release|Any CPU
		{AFB65FA8-CE1D-40B4-ADC3-DAEC9DB1CB1C}.Debug|Any CPU.ActiveCfg = Debug|Any CPU
		{AFB65FA8-CE1D-40B4-ADC3-DAEC9DB1CB1C}.Debug|Any CPU.Build.0 = Debug|Any CPU
		{AFB65FA8-CE1D-40B4-ADC3-DAEC9DB1CB1C}.Release|Any CPU.ActiveCfg = Release|Any CPU
		{AFB65FA8-CE1D-40B4-ADC3-DAEC9DB1CB1C}.Release|Any CPU.Build.0 = Release|Any CPU
		{D35FCE0E-54A6-403A-8AAA-334A316B0635}.Debug|Any CPU.ActiveCfg = Debug|Any CPU
		{D35FCE0E-54A6-403A-8AAA-334A316B0635}.Debug|Any CPU.Build.0 = Debug|Any CPU
		{D35FCE0E-54A6-403A-8AAA-334A316B0635}.Release|Any CPU.ActiveCfg = Release|Any CPU
		{D35FCE0E-54A6-403A-8AAA-334A316B0635}.Release|Any CPU.Build.0 = Release|Any CPU
		{76FC9D8B-0710-4BBC-9BA8-9311A112968A}.Debug|Any CPU.ActiveCfg = Debug|Any CPU
		{76FC9D8B-0710-4BBC-9BA8-9311A112968A}.Debug|Any CPU.Build.0 = Debug|Any CPU
		{76FC9D8B-0710-4BBC-9BA8-9311A112968A}.Release|Any CPU.ActiveCfg = Release|Any CPU
		{76FC9D8B-0710-4BBC-9BA8-9311A112968A}.Release|Any CPU.Build.0 = Release|Any CPU
		{F9684FEA-C27C-4BB6-B18F-AFC482298DDF}.Debug|Any CPU.ActiveCfg = Debug|Any CPU
		{F9684FEA-C27C-4BB6-B18F-AFC482298DDF}.Debug|Any CPU.Build.0 = Debug|Any CPU
		{F9684FEA-C27C-4BB6-B18F-AFC482298DDF}.Release|Any CPU.ActiveCfg = Release|Any CPU
		{F9684FEA-C27C-4BB6-B18F-AFC482298DDF}.Release|Any CPU.Build.0 = Release|Any CPU
		{F1D57C07-28A6-46DD-8C09-480849B8C766}.Debug|Any CPU.ActiveCfg = Debug|Any CPU
		{F1D57C07-28A6-46DD-8C09-480849B8C766}.Debug|Any CPU.Build.0 = Debug|Any CPU
		{F1D57C07-28A6-46DD-8C09-480849B8C766}.Release|Any CPU.ActiveCfg = Release|Any CPU
		{F1D57C07-28A6-46DD-8C09-480849B8C766}.Release|Any CPU.Build.0 = Release|Any CPU
		{A67B1B03-128C-42A1-BB0C-F185E0BBFBF8}.Debug|Any CPU.ActiveCfg = Debug|Any CPU
		{A67B1B03-128C-42A1-BB0C-F185E0BBFBF8}.Debug|Any CPU.Build.0 = Debug|Any CPU
		{A67B1B03-128C-42A1-BB0C-F185E0BBFBF8}.Release|Any CPU.ActiveCfg = Release|Any CPU
		{A67B1B03-128C-42A1-BB0C-F185E0BBFBF8}.Release|Any CPU.Build.0 = Release|Any CPU
		{E4B08BFE-1631-4549-B5F7-6E4F190C779B}.Debug|Any CPU.ActiveCfg = Debug|Any CPU
		{E4B08BFE-1631-4549-B5F7-6E4F190C779B}.Debug|Any CPU.Build.0 = Debug|Any CPU
		{E4B08BFE-1631-4549-B5F7-6E4F190C779B}.Release|Any CPU.ActiveCfg = Release|Any CPU
		{E4B08BFE-1631-4549-B5F7-6E4F190C779B}.Release|Any CPU.Build.0 = Release|Any CPU
		{B73A64B6-988C-4A02-A74D-23BC3EAF790B}.Debug|Any CPU.ActiveCfg = Debug|Any CPU
		{B73A64B6-988C-4A02-A74D-23BC3EAF790B}.Debug|Any CPU.Build.0 = Debug|Any CPU
		{B73A64B6-988C-4A02-A74D-23BC3EAF790B}.Release|Any CPU.ActiveCfg = Release|Any CPU
		{B73A64B6-988C-4A02-A74D-23BC3EAF790B}.Release|Any CPU.Build.0 = Release|Any CPU
		{0C0A3ED3-497F-43BF-8378-94D63391DA91}.Debug|Any CPU.ActiveCfg = Debug|Any CPU
		{0C0A3ED3-497F-43BF-8378-94D63391DA91}.Debug|Any CPU.Build.0 = Debug|Any CPU
		{0C0A3ED3-497F-43BF-8378-94D63391DA91}.Release|Any CPU.ActiveCfg = Release|Any CPU
		{0C0A3ED3-497F-43BF-8378-94D63391DA91}.Release|Any CPU.Build.0 = Release|Any CPU
		{6DB7E03C-872D-4852-ACF3-DFDB5F4887A2}.Debug|Any CPU.ActiveCfg = Debug|Any CPU
		{6DB7E03C-872D-4852-ACF3-DFDB5F4887A2}.Debug|Any CPU.Build.0 = Debug|Any CPU
		{6DB7E03C-872D-4852-ACF3-DFDB5F4887A2}.Release|Any CPU.ActiveCfg = Release|Any CPU
		{6DB7E03C-872D-4852-ACF3-DFDB5F4887A2}.Release|Any CPU.Build.0 = Release|Any CPU
		{5BE1A3BD-6B56-4EED-9477-F4CFC5DC0325}.Debug|Any CPU.ActiveCfg = Debug|Any CPU
		{5BE1A3BD-6B56-4EED-9477-F4CFC5DC0325}.Debug|Any CPU.Build.0 = Debug|Any CPU
		{5BE1A3BD-6B56-4EED-9477-F4CFC5DC0325}.Release|Any CPU.ActiveCfg = Release|Any CPU
		{5BE1A3BD-6B56-4EED-9477-F4CFC5DC0325}.Release|Any CPU.Build.0 = Release|Any CPU
		{AABA9DEE-A6AE-4BC4-B0E1-130048C2F8C8}.Debug|Any CPU.ActiveCfg = Debug|Any CPU
		{AABA9DEE-A6AE-4BC4-B0E1-130048C2F8C8}.Debug|Any CPU.Build.0 = Debug|Any CPU
		{AABA9DEE-A6AE-4BC4-B0E1-130048C2F8C8}.Release|Any CPU.ActiveCfg = Release|Any CPU
		{AABA9DEE-A6AE-4BC4-B0E1-130048C2F8C8}.Release|Any CPU.Build.0 = Release|Any CPU
	EndGlobalSection
	GlobalSection(SolutionProperties) = preSolution
		HideSolutionNode = FALSE
	EndGlobalSection
	GlobalSection(NestedProjects) = preSolution
		{CA6EEB2C-A2BE-4FC4-B0F0-7C161118BB56} = {11883C99-E378-4A93-BA54-98DBD5B03385}
		{3F61C606-A8B7-465D-AF70-4A16B8EB0FF0} = {CDEE263A-3C96-4699-AC62-CFAE54B20018}
		{08E3308F-BB23-49F4-8C28-7DD752A45173} = {CDEE263A-3C96-4699-AC62-CFAE54B20018}
		{AFB65FA8-CE1D-40B4-ADC3-DAEC9DB1CB1C} = {CDEE263A-3C96-4699-AC62-CFAE54B20018}
		{D35FCE0E-54A6-403A-8AAA-334A316B0635} = {F86CF587-F19C-4018-AFE7-4CBD9E3C7994}
		{76FC9D8B-0710-4BBC-9BA8-9311A112968A} = {F86CF587-F19C-4018-AFE7-4CBD9E3C7994}
		{F9684FEA-C27C-4BB6-B18F-AFC482298DDF} = {4AE0C2B2-F4C6-4293-AF5E-D0390BBA064E}
		{F1D57C07-28A6-46DD-8C09-480849B8C766} = {4AE0C2B2-F4C6-4293-AF5E-D0390BBA064E}
		{A67B1B03-128C-42A1-BB0C-F185E0BBFBF8} = {4AE0C2B2-F4C6-4293-AF5E-D0390BBA064E}
		{E4B08BFE-1631-4549-B5F7-6E4F190C779B} = {F86CF587-F19C-4018-AFE7-4CBD9E3C7994}
		{B73A64B6-988C-4A02-A74D-23BC3EAF790B} = {7A06003E-C2D6-4901-B0BB-9017CA1508B6}
		{0C0A3ED3-497F-43BF-8378-94D63391DA91} = {CDEE263A-3C96-4699-AC62-CFAE54B20018}
		{6DB7E03C-872D-4852-ACF3-DFDB5F4887A2} = {CDEE263A-3C96-4699-AC62-CFAE54B20018}
		{5BE1A3BD-6B56-4EED-9477-F4CFC5DC0325} = {CDEE263A-3C96-4699-AC62-CFAE54B20018}
		{AABA9DEE-A6AE-4BC4-B0E1-130048C2F8C8} = {CDEE263A-3C96-4699-AC62-CFAE54B20018}
	EndGlobalSection
EndGlobal
